# This file was autogenerated by Stack.
# You should not edit this file by hand.
# For more information, please see the documentation at:
#   https://docs.haskellstack.org/en/stable/lock_files

packages:
- completed:
    subdir: x509-validation
    cabal-file:
      size: 2211
      sha256: 4c9d897070bf5d36e437b3b9a04c28ebb6fce90138da7b5e8fa5c100192ef7b2
    name: x509-validation
    version: 1.6.11
    git: https://github.com/akshaymankar/hs-certificate.git
    pantry-tree:
      size: 631
      sha256: b85641fe35b21d23b93c3b0e158ebdc77ee2877568003854d3031387f676daf7
    commit: cdfff1a735ddf44cf04a9712828fd62bf4a52e47
  original:
    subdir: x509-validation
    git: https://github.com/akshaymankar/hs-certificate.git
    commit: cdfff1a735ddf44cf04a9712828fd62bf4a52e47
- completed:
    subdir: foundation
    cabal-file:
      size: 11653
      sha256: 7d6b57d3b293a46680a6c044ded62655e7b7477d1082f710162b018333ae35f5
    name: foundation
    version: 0.0.24
    git: https://github.com/akshaymankar/foundation.git
    pantry-tree:
      size: 11225
      sha256: 7bafcf8799e366958a20533daa5a574d5d7babb798bc26be4ef7ed48d7c580d2
    commit: 31d978d94d1493a53565e1050450c434e8808bd6
  original:
    subdir: foundation
    git: https://github.com/akshaymankar/foundation.git
    commit: 31d978d94d1493a53565e1050450c434e8808bd6
- completed:
    hackage: http-client-openssl-0.3.0.0@sha256:cd617e7bef6c3d8ac4587d7c623b80c35a15735d0142e56eca0ae1c8a67a1b5d,1548
    pantry-tree:
      size: 387
      sha256: 5712016dbe69a539ca265b8e1b248d499445a2a414ac3a8bc9c8a62bef0ffc6d
  original:
    hackage: http-client-openssl-0.3.0.0
snapshots:
- completed:
    size: 523448
    url: https://raw.githubusercontent.com/commercialhaskell/stackage-snapshots/master/lts/14/1.yaml
    sha256: 0045b9bae36c3bb2dd374c29b586389845af1557eea0423958d152fc500d4fbf
  original: lts-14.1
